// !$*UTF8*$!
{
	archiveVersion = 1;
	classes = {
	};
	objectVersion = 46;
	objects = {

/* Begin PBXBuildFile section */
		60678829182B24F100709728 /* Foundation.framework in Frameworks */ = {isa = PBXBuildFile; fileRef = 60678828182B24F100709728 /* Foundation.framework */; };
		6067882B182B24F100709728 /* CoreGraphics.framework in Frameworks */ = {isa = PBXBuildFile; fileRef = 6067882A182B24F100709728 /* CoreGraphics.framework */; };
		6067882D182B24F100709728 /* UIKit.framework in Frameworks */ = {isa = PBXBuildFile; fileRef = 6067882C182B24F100709728 /* UIKit.framework */; };
		60678833182B24F200709728 /* InfoPlist.strings in Resources */ = {isa = PBXBuildFile; fileRef = 60678831182B24F200709728 /* InfoPlist.strings */; };
		60678835182B24F200709728 /* main.m in Sources */ = {isa = PBXBuildFile; fileRef = 60678834182B24F200709728 /* main.m */; };
		60678839182B24F200709728 /* OCAppDelegate.m in Sources */ = {isa = PBXBuildFile; fileRef = 60678838182B24F200709728 /* OCAppDelegate.m */; };
		6067883C182B24F200709728 /* Main_iPhone.storyboard in Resources */ = {isa = PBXBuildFile; fileRef = 6067883A182B24F200709728 /* Main_iPhone.storyboard */; };
		6067883F182B24F200709728 /* Main_iPad.storyboard in Resources */ = {isa = PBXBuildFile; fileRef = 6067883D182B24F200709728 /* Main_iPad.storyboard */; };
		60678842182B24F200709728 /* OCViewController.m in Sources */ = {isa = PBXBuildFile; fileRef = 60678841182B24F200709728 /* OCViewController.m */; };
		60678844182B24F200709728 /* Images.xcassets in Resources */ = {isa = PBXBuildFile; fileRef = 60678843182B24F200709728 /* Images.xcassets */; };
		6067884B182B24F200709728 /* XCTest.framework in Frameworks */ = {isa = PBXBuildFile; fileRef = 6067884A182B24F200709728 /* XCTest.framework */; };
		6067884C182B24F200709728 /* Foundation.framework in Frameworks */ = {isa = PBXBuildFile; fileRef = 60678828182B24F100709728 /* Foundation.framework */; };
		6067884D182B24F200709728 /* UIKit.framework in Frameworks */ = {isa = PBXBuildFile; fileRef = 6067882C182B24F100709728 /* UIKit.framework */; };
		60678855182B24F200709728 /* InfoPlist.strings in Resources */ = {isa = PBXBuildFile; fileRef = 60678853182B24F200709728 /* InfoPlist.strings */; };
		60678857182B24F200709728 /* Project_2Tests.m in Sources */ = {isa = PBXBuildFile; fileRef = 60678856182B24F200709728 /* Project_2Tests.m */; };
		6067886A182B277E00709728 /* Automobile.m in Sources */ = {isa = PBXBuildFile; fileRef = 60678861182B277E00709728 /* Automobile.m */; };
		6067886B182B277E00709728 /* AutomobileFactory.m in Sources */ = {isa = PBXBuildFile; fileRef = 60678863182B277E00709728 /* AutomobileFactory.m */; };
		6067886C182B277E00709728 /* Maserati.m in Sources */ = {isa = PBXBuildFile; fileRef = 60678865182B277E00709728 /* Maserati.m */; };
		6067886D182B277E00709728 /* Tahoe.m in Sources */ = {isa = PBXBuildFile; fileRef = 60678867182B277E00709728 /* Tahoe.m */; };
		6067886E182B277E00709728 /* UHaul.m in Sources */ = {isa = PBXBuildFile; fileRef = 60678869182B277E00709728 /* UHaul.m */; };
		60678871182B510F00709728 /* OCModalViewController.m in Sources */ = {isa = PBXBuildFile; fileRef = 60678870182B510F00709728 /* OCModalViewController.m */; };
/* End PBXBuildFile section */

/* Begin PBXContainerItemProxy section */
		6067884E182B24F200709728 /* PBXContainerItemProxy */ = {
			isa = PBXContainerItemProxy;
			containerPortal = 6067881D182B24F100709728 /* Project object */;
			proxyType = 1;
			remoteGlobalIDString = 60678824182B24F100709728;
			remoteInfo = "Project 2";
		};
/* End PBXContainerItemProxy section */

/* Begin PBXFileReference section */
		60678825182B24F100709728 /* Project 2.app */ = {isa = PBXFileReference; explicitFileType = wrapper.application; includeInIndex = 0; path = "Project 2.app"; sourceTree = BUILT_PRODUCTS_DIR; };
		60678828182B24F100709728 /* Foundation.framework */ = {isa = PBXFileReference; lastKnownFileType = wrapper.framework; name = Foundation.framework; path = System/Library/Frameworks/Foundation.framework; sourceTree = SDKROOT; };
		6067882A182B24F100709728 /* CoreGraphics.framework */ = {isa = PBXFileReference; lastKnownFileType = wrapper.framework; name = CoreGraphics.framework; path = System/Library/Frameworks/CoreGraphics.framework; sourceTree = SDKROOT; };
		6067882C182B24F100709728 /* UIKit.framework */ = {isa = PBXFileReference; lastKnownFileType = wrapper.framework; name = UIKit.framework; path = System/Library/Frameworks/UIKit.framework; sourceTree = SDKROOT; };
		60678830182B24F200709728 /* Project 2-Info.plist */ = {isa = PBXFileReference; lastKnownFileType = text.plist.xml; path = "Project 2-Info.plist"; sourceTree = "<group>"; };
		60678832182B24F200709728 /* en */ = {isa = PBXFileReference; lastKnownFileType = text.plist.strings; name = en; path = en.lproj/InfoPlist.strings; sourceTree = "<group>"; };
		60678834182B24F200709728 /* main.m */ = {isa = PBXFileReference; lastKnownFileType = sourcecode.c.objc; path = main.m; sourceTree = "<group>"; };
		60678836182B24F200709728 /* Project 2-Prefix.pch */ = {isa = PBXFileReference; lastKnownFileType = sourcecode.c.h; path = "Project 2-Prefix.pch"; sourceTree = "<group>"; };
		60678837182B24F200709728 /* OCAppDelegate.h */ = {isa = PBXFileReference; lastKnownFileType = sourcecode.c.h; path = OCAppDelegate.h; sourceTree = "<group>"; };
		60678838182B24F200709728 /* OCAppDelegate.m */ = {isa = PBXFileReference; lastKnownFileType = sourcecode.c.objc; path = OCAppDelegate.m; sourceTree = "<group>"; };
		6067883B182B24F200709728 /* Base */ = {isa = PBXFileReference; lastKnownFileType = file.storyboard; name = Base; path = Base.lproj/Main_iPhone.storyboard; sourceTree = "<group>"; };
		6067883E182B24F200709728 /* Base */ = {isa = PBXFileReference; lastKnownFileType = file.storyboard; name = Base; path = Base.lproj/Main_iPad.storyboard; sourceTree = "<group>"; };
		60678840182B24F200709728 /* OCViewController.h */ = {isa = PBXFileReference; lastKnownFileType = sourcecode.c.h; path = OCViewController.h; sourceTree = "<group>"; };
		60678841182B24F200709728 /* OCViewController.m */ = {isa = PBXFileReference; lastKnownFileType = sourcecode.c.objc; path = OCViewController.m; sourceTree = "<group>"; };
		60678843182B24F200709728 /* Images.xcassets */ = {isa = PBXFileReference; lastKnownFileType = folder.assetcatalog; path = Images.xcassets; sourceTree = "<group>"; };
		60678849182B24F200709728 /* Project 2Tests.xctest */ = {isa = PBXFileReference; explicitFileType = wrapper.cfbundle; includeInIndex = 0; path = "Project 2Tests.xctest"; sourceTree = BUILT_PRODUCTS_DIR; };
		6067884A182B24F200709728 /* XCTest.framework */ = {isa = PBXFileReference; lastKnownFileType = wrapper.framework; name = XCTest.framework; path = Library/Frameworks/XCTest.framework; sourceTree = DEVELOPER_DIR; };
		60678852182B24F200709728 /* Project 2Tests-Info.plist */ = {isa = PBXFileReference; lastKnownFileType = text.plist.xml; path = "Project 2Tests-Info.plist"; sourceTree = "<group>"; };
		60678854182B24F200709728 /* en */ = {isa = PBXFileReference; lastKnownFileType = text.plist.strings; name = en; path = en.lproj/InfoPlist.strings; sourceTree = "<group>"; };
		60678856182B24F200709728 /* Project_2Tests.m */ = {isa = PBXFileReference; lastKnownFileType = sourcecode.c.objc; path = Project_2Tests.m; sourceTree = "<group>"; };
		60678860182B277E00709728 /* Automobile.h */ = {isa = PBXFileReference; fileEncoding = 4; lastKnownFileType = sourcecode.c.h; path = Automobile.h; sourceTree = "<group>"; };
		60678861182B277E00709728 /* Automobile.m */ = {isa = PBXFileReference; fileEncoding = 4; lastKnownFileType = sourcecode.c.objc; path = Automobile.m; sourceTree = "<group>"; };
		60678862182B277E00709728 /* AutomobileFactory.h */ = {isa = PBXFileReference; fileEncoding = 4; lastKnownFileType = sourcecode.c.h; path = AutomobileFactory.h; sourceTree = "<group>"; };
		60678863182B277E00709728 /* AutomobileFactory.m */ = {isa = PBXFileReference; fileEncoding = 4; lastKnownFileType = sourcecode.c.objc; path = AutomobileFactory.m; sourceTree = "<group>"; };
		60678864182B277E00709728 /* Maserati.h */ = {isa = PBXFileReference; fileEncoding = 4; lastKnownFileType = sourcecode.c.h; path = Maserati.h; sourceTree = "<group>"; };
		60678865182B277E00709728 /* Maserati.m */ = {isa = PBXFileReference; fileEncoding = 4; lastKnownFileType = sourcecode.c.objc; path = Maserati.m; sourceTree = "<group>"; };
		60678866182B277E00709728 /* Tahoe.h */ = {isa = PBXFileReference; fileEncoding = 4; lastKnownFileType = sourcecode.c.h; path = Tahoe.h; sourceTree = "<group>"; };
		60678867182B277E00709728 /* Tahoe.m */ = {isa = PBXFileReference; fileEncoding = 4; lastKnownFileType = sourcecode.c.objc; path = Tahoe.m; sourceTree = "<group>"; };
		60678868182B277E00709728 /* UHaul.h */ = {isa = PBXFileReference; fileEncoding = 4; lastKnownFileType = sourcecode.c.h; path = UHaul.h; sourceTree = "<group>"; };
		60678869182B277E00709728 /* UHaul.m */ = {isa = PBXFileReference; fileEncoding = 4; lastKnownFileType = sourcecode.c.objc; path = UHaul.m; sourceTree = "<group>"; };
		6067886F182B510F00709728 /* OCModalViewController.h */ = {isa = PBXFileReference; fileEncoding = 4; lastKnownFileType = sourcecode.c.h; path = OCModalViewController.h; sourceTree = "<group>"; };
		60678870182B510F00709728 /* OCModalViewController.m */ = {isa = PBXFileReference; fileEncoding = 4; lastKnownFileType = sourcecode.c.objc; path = OCModalViewController.m; sourceTree = "<group>"; };
/* End PBXFileReference section */

/* Begin PBXFrameworksBuildPhase section */
		60678822182B24F100709728 /* Frameworks */ = {
			isa = PBXFrameworksBuildPhase;
			buildActionMask = 2147483647;
			files = (
				6067882B182B24F100709728 /* CoreGraphics.framework in Frameworks */,
				6067882D182B24F100709728 /* UIKit.framework in Frameworks */,
				60678829182B24F100709728 /* Foundation.framework in Frameworks */,
			);
			runOnlyForDeploymentPostprocessing = 0;
		};
		60678846182B24F200709728 /* Frameworks */ = {
			isa = PBXFrameworksBuildPhase;
			buildActionMask = 2147483647;
			files = (
				6067884B182B24F200709728 /* XCTest.framework in Frameworks */,
				6067884D182B24F200709728 /* UIKit.framework in Frameworks */,
				6067884C182B24F200709728 /* Foundation.framework in Frameworks */,
			);
			runOnlyForDeploymentPostprocessing = 0;
		};
/* End PBXFrameworksBuildPhase section */

/* Begin PBXGroup section */
		6067881C182B24F100709728 = {
			isa = PBXGroup;
			children = (
				6067882E182B24F100709728 /* Project 2 */,
				60678850182B24F200709728 /* Project 2Tests */,
				60678827182B24F100709728 /* Frameworks */,
				60678826182B24F100709728 /* Products */,
			);
			sourceTree = "<group>";
		};
		60678826182B24F100709728 /* Products */ = {
			isa = PBXGroup;
			children = (
				60678825182B24F100709728 /* Project 2.app */,
				60678849182B24F200709728 /* Project 2Tests.xctest */,
			);
			name = Products;
			sourceTree = "<group>";
		};
		60678827182B24F100709728 /* Frameworks */ = {
			isa = PBXGroup;
			children = (
				60678828182B24F100709728 /* Foundation.framework */,
				6067882A182B24F100709728 /* CoreGraphics.framework */,
				6067882C182B24F100709728 /* UIKit.framework */,
				6067884A182B24F200709728 /* XCTest.framework */,
			);
			name = Frameworks;
			sourceTree = "<group>";
		};
		6067882E182B24F100709728 /* Project 2 */ = {
			isa = PBXGroup;
			children = (
				60678860182B277E00709728 /* Automobile.h */,
				60678861182B277E00709728 /* Automobile.m */,
				60678862182B277E00709728 /* AutomobileFactory.h */,
				60678863182B277E00709728 /* AutomobileFactory.m */,
				60678864182B277E00709728 /* Maserati.h */,
				60678865182B277E00709728 /* Maserati.m */,
				60678866182B277E00709728 /* Tahoe.h */,
				60678867182B277E00709728 /* Tahoe.m */,
				60678868182B277E00709728 /* UHaul.h */,
				60678869182B277E00709728 /* UHaul.m */,
				60678837182B24F200709728 /* OCAppDelegate.h */,
				60678838182B24F200709728 /* OCAppDelegate.m */,
				6067883A182B24F200709728 /* Main_iPhone.storyboard */,
				6067883D182B24F200709728 /* Main_iPad.storyboard */,
				60678840182B24F200709728 /* OCViewController.h */,
				60678841182B24F200709728 /* OCViewController.m */,
				60678843182B24F200709728 /* Images.xcassets */,
				6067882F182B24F200709728 /* Supporting Files */,
				6067886F182B510F00709728 /* OCModalViewController.h */,
				60678870182B510F00709728 /* OCModalViewController.m */,
			);
			path = "Project 2";
			sourceTree = "<group>";
		};
		6067882F182B24F200709728 /* Supporting Files */ = {
			isa = PBXGroup;
			children = (
				60678830182B24F200709728 /* Project 2-Info.plist */,
				60678831182B24F200709728 /* InfoPlist.strings */,
				60678834182B24F200709728 /* main.m */,
				60678836182B24F200709728 /* Project 2-Prefix.pch */,
			);
			name = "Supporting Files";
			sourceTree = "<group>";
		};
		60678850182B24F200709728 /* Project 2Tests */ = {
			isa = PBXGroup;
			children = (
				60678856182B24F200709728 /* Project_2Tests.m */,
				60678851182B24F200709728 /* Supporting Files */,
			);
			path = "Project 2Tests";
			sourceTree = "<group>";
		};
		60678851182B24F200709728 /* Supporting Files */ = {
			isa = PBXGroup;
			children = (
				60678852182B24F200709728 /* Project 2Tests-Info.plist */,
				60678853182B24F200709728 /* InfoPlist.strings */,
			);
			name = "Supporting Files";
			sourceTree = "<group>";
		};
/* End PBXGroup section */

/* Begin PBXNativeTarget section */
		60678824182B24F100709728 /* Project 2 */ = {
			isa = PBXNativeTarget;
			buildConfigurationList = 6067885A182B24F200709728 /* Build configuration list for PBXNativeTarget "Project 2" */;
			buildPhases = (
				60678821182B24F100709728 /* Sources */,
				60678822182B24F100709728 /* Frameworks */,
				60678823182B24F100709728 /* Resources */,
			);
			buildRules = (
			);
			dependencies = (
			);
			name = "Project 2";
			productName = "Project 2";
			productReference = 60678825182B24F100709728 /* Project 2.app */;
			productType = "com.apple.product-type.application";
		};
		60678848182B24F200709728 /* Project 2Tests */ = {
			isa = PBXNativeTarget;
			buildConfigurationList = 6067885D182B24F200709728 /* Build configuration list for PBXNativeTarget "Project 2Tests" */;
			buildPhases = (
				60678845182B24F200709728 /* Sources */,
				60678846182B24F200709728 /* Frameworks */,
				60678847182B24F200709728 /* Resources */,
			);
			buildRules = (
			);
			dependencies = (
				6067884F182B24F200709728 /* PBXTargetDependency */,
			);
			name = "Project 2Tests";
			productName = "Project 2Tests";
			productReference = 60678849182B24F200709728 /* Project 2Tests.xctest */;
			productType = "com.apple.product-type.bundle.unit-test";
		};
/* End PBXNativeTarget section */

/* Begin PBXProject section */
		6067881D182B24F100709728 /* Project object */ = {
			isa = PBXProject;
			attributes = {
				CLASSPREFIX = OC;
				LastUpgradeCheck = 0500;
				ORGANIZATIONNAME = "DEUS Enterprises";
				TargetAttributes = {
					60678848182B24F200709728 = {
						TestTargetID = 60678824182B24F100709728;
					};
				};
			};
			buildConfigurationList = 60678820182B24F100709728 /* Build configuration list for PBXProject "Project 2" */;
			compatibilityVersion = "Xcode 3.2";
			developmentRegion = English;
			hasScannedForEncodings = 0;
			knownRegions = (
				en,
				Base,
			);
			mainGroup = 6067881C182B24F100709728;
			productRefGroup = 60678826182B24F100709728 /* Products */;
			projectDirPath = "";
			projectRoot = "";
			targets = (
				60678824182B24F100709728 /* Project 2 */,
				60678848182B24F200709728 /* Project 2Tests */,
			);
		};
/* End PBXProject section */

/* Begin PBXResourcesBuildPhase section */
		60678823182B24F100709728 /* Resources */ = {
			isa = PBXResourcesBuildPhase;
			buildActionMask = 2147483647;
			files = (
				6067883F182B24F200709728 /* Main_iPad.storyboard in Resources */,
				60678844182B24F200709728 /* Images.xcassets in Resources */,
				6067883C182B24F200709728 /* Main_iPhone.storyboard in Resources */,
				60678833182B24F200709728 /* InfoPlist.strings in Resources */,
			);
			runOnlyForDeploymentPostprocessing = 0;
		};
		60678847182B24F200709728 /* Resources */ = {
			isa = PBXResourcesBuildPhase;
			buildActionMask = 2147483647;
			files = (
				60678855182B24F200709728 /* InfoPlist.strings in Resources */,
			);
			runOnlyForDeploymentPostprocessing = 0;
		};
/* End PBXResourcesBuildPhase section */

/* Begin PBXSourcesBuildPhase section */
		60678821182B24F100709728 /* Sources */ = {
			isa = PBXSourcesBuildPhase;
			buildActionMask = 2147483647;
			files = (
				6067886B182B277E00709728 /* AutomobileFactory.m in Sources */,
				6067886E182B277E00709728 /* UHaul.m in Sources */,
				6067886A182B277E00709728 /* Automobile.m in Sources */,
				60678839182B24F200709728 /* OCAppDelegate.m in Sources */,
				6067886C182B277E00709728 /* Maserati.m in Sources */,
				60678835182B24F200709728 /* main.m in Sources */,
				6067886D182B277E00709728 /* Tahoe.m in Sources */,
				60678842182B24F200709728 /* OCViewController.m in Sources */,
				60678871182B510F00709728 /* OCModalViewController.m in Sources */,
			);
			runOnlyForDeploymentPostprocessing = 0;
		};
		60678845182B24F200709728 /* Sources */ = {
			isa = PBXSourcesBuildPhase;
			buildActionMask = 2147483647;
			files = (
				60678857182B24F200709728 /* Project_2Tests.m in Sources */,
			);
			runOnlyForDeploymentPostprocessing = 0;
		};
/* End PBXSourcesBuildPhase section */

/* Begin PBXTargetDependency section */
		6067884F182B24F200709728 /* PBXTargetDependency */ = {
			isa = PBXTargetDependency;
			target = 60678824182B24F100709728 /* Project 2 */;
			targetProxy = 6067884E182B24F200709728 /* PBXContainerItemProxy */;
		};
/* End PBXTargetDependency section */

/* Begin PBXVariantGroup section */
		60678831182B24F200709728 /* InfoPlist.strings */ = {
			isa = PBXVariantGroup;
			children = (
				60678832182B24F200709728 /* en */,
			);
			name = InfoPlist.strings;
			sourceTree = "<group>";
		};
		6067883A182B24F200709728 /* Main_iPhone.storyboard */ = {
			isa = PBXVariantGroup;
			children = (
				6067883B182B24F200709728 /* Base */,
			);
			name = Main_iPhone.storyboard;
			sourceTree = "<group>";
		};
		6067883D182B24F200709728 /* Main_iPad.storyboard */ = {
			isa = PBXVariantGroup;
			children = (
				6067883E182B24F200709728 /* Base */,
			);
			name = Main_iPad.storyboard;
			sourceTree = "<group>";
		};
		60678853182B24F200709728 /* InfoPlist.strings */ = {
			isa = PBXVariantGroup;
			children = (
				60678854182B24F200709728 /* en */,
			);
			name = InfoPlist.strings;
			sourceTree = "<group>";
		};
/* End PBXVariantGroup section */

/* Begin XCBuildConfiguration section */
		60678858182B24F200709728 /* Debug */ = {
			isa = XCBuildConfiguration;
			buildSettings = {
				ALWAYS_SEARCH_USER_PATHS = NO;
				ARCHS = "$(ARCHS_STANDARD_INCLUDING_64_BIT)";
				CLANG_CXX_LANGUAGE_STANDARD = "gnu++0x";
				CLANG_CXX_LIBRARY = "libc++";
				CLANG_ENABLE_MODULES = YES;
				CLANG_ENABLE_OBJC_ARC = YES;
				CLANG_WARN_BOOL_CONVERSION = YES;
				CLANG_WARN_CONSTANT_CONVERSION = YES;
				CLANG_WARN_DIRECT_OBJC_ISA_USAGE = YES_ERROR;
				CLANG_WARN_EMPTY_BODY = YES;
				CLANG_WARN_ENUM_CONVERSION = YES;
				CLANG_WARN_INT_CONVERSION = YES;
				CLANG_WARN_OBJC_ROOT_CLASS = YES_ERROR;
				CLANG_WARN__DUPLICATE_METHOD_MATCH = YES;
				"CODE_SIGN_IDENTITY[sdk=iphoneos*]" = "iPhone Developer";
				COPY_PHASE_STRIP = NO;
				GCC_C_LANGUAGE_STANDARD = gnu99;
				GCC_DYNAMIC_NO_PIC = NO;
				GCC_OPTIMIZATION_LEVEL = 0;
				GCC_PREPROCESSOR_DEFINITIONS = (
					"DEBUG=1",
					"$(inherited)",
				);
				GCC_SYMBOLS_PRIVATE_EXTERN = NO;
				GCC_WARN_64_TO_32_BIT_CONVERSION = YES;
				GCC_WARN_ABOUT_RETURN_TYPE = YES_ERROR;
				GCC_WARN_UNDECLARED_SELECTOR = YES;
				GCC_WARN_UNINITIALIZED_AUTOS = YES;
				GCC_WARN_UNUSED_FUNCTION = YES;
				GCC_WARN_UNUSED_VARIABLE = YES;
				IPHONEOS_DEPLOYMENT_TARGET = 7.0;
				ONLY_ACTIVE_ARCH = YES;
				SDKROOT = iphoneos;
				TARGETED_DEVICE_FAMILY = "1,2";
			};
			name = Debug;
		};
		60678859182B24F200709728 /* Release */ = {
			isa = XCBuildConfiguration;
			buildSettings = {
				ALWAYS_SEARCH_USER_PATHS = NO;
				ARCHS = "$(ARCHS_STANDARD_INCLUDING_64_BIT)";
				CLANG_CXX_LANGUAGE_STANDARD = "gnu++0x";
				CLANG_CXX_LIBRARY = "libc++";
				CLANG_ENABLE_MODULES = YES;
				CLANG_ENABLE_OBJC_ARC = YES;
				CLANG_WARN_BOOL_CONVERSION = YES;
				CLANG_WARN_CONSTANT_CONVERSION = YES;
				CLANG_WARN_DIRECT_OBJC_ISA_USAGE = YES_ERROR;
				CLANG_WARN_EMPTY_BODY = YES;
				CLANG_WARN_ENUM_CONVERSION = YES;
				CLANG_WARN_INT_CONVERSION = YES;
				CLANG_WARN_OBJC_ROOT_CLASS = YES_ERROR;
				CLANG_WARN__DUPLICATE_METHOD_MATCH = YES;
				"CODE_SIGN_IDENTITY[sdk=iphoneos*]" = "iPhone Developer";
				COPY_PHASE_STRIP = YES;
				ENABLE_NS_ASSERTIONS = NO;
				GCC_C_LANGUAGE_STANDARD = gnu99;
				GCC_WARN_64_TO_32_BIT_CONVERSION = YES;
				GCC_WARN_ABOUT_RETURN_TYPE = YES_ERROR;
				GCC_WARN_UNDECLARED_SELECTOR = YES;
				GCC_WARN_UNINITIALIZED_AUTOS = YES;
				GCC_WARN_UNUSED_FUNCTION = YES;
				GCC_WARN_UNUSED_VARIABLE = YES;
				IPHONEOS_DEPLOYMENT_TARGET = 7.0;
				SDKROOT = iphoneos;
				TARGETED_DEVICE_FAMILY = "1,2";
				VALIDATE_PRODUCT = YES;
			};
			name = Release;
		};
		6067885B182B24F200709728 /* Debug */ = {
			isa = XCBuildConfiguration;
			buildSettings = {
				ASSETCATALOG_COMPILER_APPICON_NAME = AppIcon;
				ASSETCATALOG_COMPILER_LAUNCHIMAGE_NAME = LaunchImage;
				GCC_PRECOMPILE_PREFIX_HEADER = YES;
				GCC_PREFIX_HEADER = "Project 2/Project 2-Prefix.pch";
				INFOPLIST_FILE = "Project 2/Project 2-Info.plist";
				PRODUCT_NAME = "$(TARGET_NAME)";
				WRAPPER_EXTENSION = app;
			};
			name = Debug;
		};
		6067885C182B24F200709728 /* Release */ = {
			isa = XCBuildConfiguration;
			buildSettings = {
				ASSETCATALOG_COMPILER_APPICON_NAME = AppIcon;
				ASSETCATALOG_COMPILER_LAUNCHIMAGE_NAME = LaunchImage;
				GCC_PRECOMPILE_PREFIX_HEADER = YES;
				GCC_PREFIX_HEADER = "Project 2/Project 2-Prefix.pch";
				INFOPLIST_FILE = "Project 2/Project 2-Info.plist";
				PRODUCT_NAME = "$(TARGET_NAME)";
				WRAPPER_EXTENSION = app;
			};
			name = Release;
		};
		6067885E182B24F200709728 /* Debug */ = {
			isa = XCBuildConfiguration;
			buildSettings = {
				ARCHS = "$(ARCHS_STANDARD_INCLUDING_64_BIT)";
				BUNDLE_LOADER = "$(BUILT_PRODUCTS_DIR)/Project 2.app/Project 2";
				FRAMEWORK_SEARCH_PATHS = (
					"$(SDKROOT)/Developer/Library/Frameworks",
					"$(inherited)",
					"$(DEVELOPER_FRAMEWORKS_DIR)",
				);
				GCC_PRECOMPILE_PREFIX_HEADER = YES;
				GCC_PREFIX_HEADER = "Project 2/Project 2-Prefix.pch";
				GCC_PREPROCESSOR_DEFINITIONS = (
					"DEBUG=1",
					"$(inherited)",
				);
				INFOPLIST_FILE = "Project 2Tests/Project 2Tests-Info.plist";
				PRODUCT_NAME = "$(TARGET_NAME)";
				TEST_HOST = "$(BUNDLE_LOADER)";
				WRAPPER_EXTENSION = xctest;
			};
			name = Debug;
		};
		6067885F182B24F200709728 /* Release */ = {
			isa = XCBuildConfiguration;
			buildSettings = {
				ARCHS = "$(ARCHS_STANDARD_INCLUDING_64_BIT)";
				BUNDLE_LOADER = "$(BUILT_PRODUCTS_DIR)/Project 2.app/Project 2";
				FRAMEWORK_SEARCH_PATHS = (
					"$(SDKROOT)/Developer/Library/Frameworks",
					"$(inherited)",
					"$(DEVELOPER_FRAMEWORKS_DIR)",
				);
				GCC_PRECOMPILE_PREFIX_HEADER = YES;
				GCC_PREFIX_HEADER = "Project 2/Project 2-Prefix.pch";
				INFOPLIST_FILE = "Project 2Tests/Project 2Tests-Info.plist";
				PRODUCT_NAME = "$(TARGET_NAME)";
				TEST_HOST = "$(BUNDLE_LOADER)";
				WRAPPER_EXTENSION = xctest;
			};
			name = Release;
		};
/* End XCBuildConfiguration section */

/* Begin XCConfigurationList section */
		60678820182B24F100709728 /* Build configuration list for PBXProject "Project 2" */ = {
			isa = XCConfigurationList;
			buildConfigurations = (
				60678858182B24F200709728 /* Debug */,
				60678859182B24F200709728 /* Release */,
			);
			defaultConfigurationIsVisible = 0;
			defaultConfigurationName = Release;
		};
		6067885A182B24F200709728 /* Build configuration list for PBXNativeTarget "Project 2" */ = {
			isa = XCConfigurationList;
			buildConfigurations = (
				6067885B182B24F200709728 /* Debug */,
				6067885C182B24F200709728 /* Release */,
			);
			defaultConfigurationIsVisible = 0;
		};
		6067885D182B24F200709728 /* Build configuration list for PBXNativeTarget "Project 2Tests" */ = {
			isa = XCConfigurationList;
			buildConfigurations = (
				6067885E182B24F200709728 /* Debug */,
				6067885F182B24F200709728 /* Release */,
			);
			defaultConfigurationIsVisible = 0;
		};
/* End XCConfigurationList section */
	};
	rootObject = 6067881D182B24F100709728 /* Project object */;
}
